
Microsoft Visual Studio Solution File, Format Version 12.00
# Visual Studio Version 17
VisualStudioVersion = 17.8.34330.188
MinimumVisualStudioVersion = 10.0.40219.1
Project("{FAE04EC0-301F-11D3-BF4B-00C04F79EFBC}") = "SampleApiApp", "SampleApiApp.csproj", "{553A925F-D3B3-40A5-B3FF-B88BA99224CC}"
EndProject
Global
	GlobalSection(SolutionConfigurationPlatforms) = preSolution
		Debug|Any CPU = Debug|Any CPU
		Release|Any CPU = Release|Any CPU
	EndGlobalSection
	GlobalSection(ProjectConfigurationPlatforms) = postSolution
		{553A925F-D3B3-40A5-B3FF-B88BA99224CC}.Debug|Any CPU.ActiveCfg = Debug|Any CPU
		{553A925F-D3B3-40A5-B3FF-B88BA99224CC}.Debug|Any CPU.Build.0 = Debug|Any CPU
		{553A925F-D3B3-40A5-B3FF-B88BA99224CC}.Release|Any CPU.ActiveCfg = Release|Any CPU
		{553A925F-D3B3-40A5-B3FF-B88BA99224CC}.Release|Any CPU.Build.0 = Release|Any CPU
	EndGlobalSection
	GlobalSection(SolutionProperties) = preSolution
		HideSolutionNode = FALSE
	EndGlobalSection
	GlobalSection(ExtensibilityGlobals) = postSolution
		SolutionGuid = {CCA7E906-19EE-440A-9B2D-9AD4F51C6A41}
	EndGlobalSection
EndGlobal
